
Microsoft Visual Studio Solution File, Format Version 12.00
# Visual Studio Version 16
VisualStudioVersion = 16.0.31729.503
MinimumVisualStudioVersion = 10.0.40219.1
Project("{8BC9CEB8-8B4A-11D0-8D11-00A0C91BC942}") = "Project9", "Project9\Project9.vcxproj", "{5FC8E56A-1742-407F-BA8D-5CC4ACC81CFF}"
EndProject
Global
	GlobalSection(SolutionConfigurationPlatforms) = preSolution
		Debug|x64 = Debug|x64
		Debug|x86 = Debug|x86
		Release|x64 = Release|x64
		Release|x86 = Release|x86
	EndGlobalSection
	GlobalSection(ProjectConfigurationPlatforms) = postSolution
		{5FC8E56A-1742-407F-BA8D-5CC4ACC81CFF}.Debug|x64.ActiveCfg = Debug|x64
		{5FC8E56A-1742-407F-BA8D-5CC4ACC81CFF}.Debug|x64.Build.0 = Debug|x64
		{5FC8E56A-1742-407F-BA8D-5CC4ACC81CFF}.Debug|x86.ActiveCfg = Debug|Win32
		{5FC8E56A-1742-407F-BA8D-5CC4ACC81CFF}.Debug|x86.Build.0 = Debug|Win32
		{5FC8E56A-1742-407F-BA8D-5CC4ACC81CFF}.Release|x64.ActiveCfg = Release|x64
		{5FC8E56A-1742-407F-BA8D-5CC4ACC81CFF}.Release|x64.Build.0 = Release|x64
		{5FC8E56A-1742-407F-BA8D-5CC4ACC81CFF}.Release|x86.ActiveCfg = Release|Win32
		{5FC8E56A-1742-407F-BA8D-5CC4ACC81CFF}.Release|x86.Build.0 = Release|Win32
	EndGlobalSection
	GlobalSection(SolutionProperties) = preSolution
		HideSolutionNode = FALSE
	EndGlobalSection
	GlobalSection(ExtensibilityGlobals) = postSolution
		SolutionGuid = {8BBD9472-A008-4523-82C2-7B194AEFFD81}
	EndGlobalSection
EndGlobal
